
Microsoft Visual Studio Solution File, Format Version 12.00
# Visual Studio Version 17
VisualStudioVersion = 17.3.32819.101
MinimumVisualStudioVersion = 10.0.40219.1
Project("{9A19103F-16F7-4668-BE54-9A1E7A4F7556}") = "MSF.Domain", "MSF.Domain\MSF.Domain.csproj", "{09AAD3FE-3D34-4B94-8B27-BB6F8B0448D8}"
EndProject
Project("{9A19103F-16F7-4668-BE54-9A1E7A4F7556}") = "MSF.Service", "MSF.Service\MSF.Service.csproj", "{95D9700D-F082-4B9B-876A-D024782373BF}"
EndProject
Project("{9A19103F-16F7-4668-BE54-9A1E7A4F7556}") = "NUnitTest.Service", "NUnitTest\NUnitTest.Service.csproj", "{A3911C4D-B618-4906-A36B-AD1FA0DC6561}"
EndProject
Project("{9A19103F-16F7-4668-BE54-9A1E7A4F7556}") = "MSF.Api", "MSF.API\MSF.Api.csproj", "{338F05BE-480B-4326-B47D-AB2874498576}"
EndProject
Project("{9A19103F-16F7-4668-BE54-9A1E7A4F7556}") = "MSF.Persistence", "MSF.Persistence\MSF.Persistence.csproj", "{B6895B87-4B4F-4CB1-9143-B1D01705F1B6}"
EndProject
Global
	GlobalSection(SolutionConfigurationPlatforms) = preSolution
		Debug|Any CPU = Debug|Any CPU
		Release|Any CPU = Release|Any CPU
	EndGlobalSection
	GlobalSection(ProjectConfigurationPlatforms) = postSolution
		{09AAD3FE-3D34-4B94-8B27-BB6F8B0448D8}.Debug|Any CPU.ActiveCfg = Debug|Any CPU
		{09AAD3FE-3D34-4B94-8B27-BB6F8B0448D8}.Debug|Any CPU.Build.0 = Debug|Any CPU
		{09AAD3FE-3D34-4B94-8B27-BB6F8B0448D8}.Release|Any CPU.ActiveCfg = Release|Any CPU
		{09AAD3FE-3D34-4B94-8B27-BB6F8B0448D8}.Release|Any CPU.Build.0 = Release|Any CPU
		{95D9700D-F082-4B9B-876A-D024782373BF}.Debug|Any CPU.ActiveCfg = Debug|Any CPU
		{95D9700D-F082-4B9B-876A-D024782373BF}.Debug|Any CPU.Build.0 = Debug|Any CPU
		{95D9700D-F082-4B9B-876A-D024782373BF}.Release|Any CPU.ActiveCfg = Release|Any CPU
		{95D9700D-F082-4B9B-876A-D024782373BF}.Release|Any CPU.Build.0 = Release|Any CPU
		{A3911C4D-B618-4906-A36B-AD1FA0DC6561}.Debug|Any CPU.ActiveCfg = Debug|Any CPU
		{A3911C4D-B618-4906-A36B-AD1FA0DC6561}.Debug|Any CPU.Build.0 = Debug|Any CPU
		{A3911C4D-B618-4906-A36B-AD1FA0DC6561}.Release|Any CPU.ActiveCfg = Release|Any CPU
		{A3911C4D-B618-4906-A36B-AD1FA0DC6561}.Release|Any CPU.Build.0 = Release|Any CPU
		{338F05BE-480B-4326-B47D-AB2874498576}.Debug|Any CPU.ActiveCfg = Debug|Any CPU
		{338F05BE-480B-4326-B47D-AB2874498576}.Debug|Any CPU.Build.0 = Debug|Any CPU
		{338F05BE-480B-4326-B47D-AB2874498576}.Release|Any CPU.ActiveCfg = Release|Any CPU
		{338F05BE-480B-4326-B47D-AB2874498576}.Release|Any CPU.Build.0 = Release|Any CPU
		{B6895B87-4B4F-4CB1-9143-B1D01705F1B6}.Debug|Any CPU.ActiveCfg = Debug|Any CPU
		{B6895B87-4B4F-4CB1-9143-B1D01705F1B6}.Debug|Any CPU.Build.0 = Debug|Any CPU
		{B6895B87-4B4F-4CB1-9143-B1D01705F1B6}.Release|Any CPU.ActiveCfg = Release|Any CPU
		{B6895B87-4B4F-4CB1-9143-B1D01705F1B6}.Release|Any CPU.Build.0 = Release|Any CPU
	EndGlobalSection
	GlobalSection(SolutionProperties) = preSolution
		HideSolutionNode = FALSE
	EndGlobalSection
	GlobalSection(ExtensibilityGlobals) = postSolution
		SolutionGuid = {105D1F54-B26C-4DF5-9993-3F4DD5570D41}
	EndGlobalSection
EndGlobal
